
Microsoft Visual Studio Solution File, Format Version 12.00
# Visual Studio Version 17
VisualStudioVersion = 17.7.34031.279
MinimumVisualStudioVersion = 10.0.40219.1
Project("{FAE04EC0-301F-11D3-BF4B-00C04F79EFBC}") = "BarabanPanel", "BarabanPanel.csproj", "{EF7992E9-99EB-4F3B-99C2-7BCDF31EF116}"
EndProject
Global
	GlobalSection(SolutionConfigurationPlatforms) = preSolution
		Debug|Any CPU = Debug|Any CPU
		Release|Any CPU = Release|Any CPU
	EndGlobalSection
	GlobalSection(ProjectConfigurationPlatforms) = postSolution
		{EF7992E9-99EB-4F3B-99C2-7BCDF31EF116}.Debug|Any CPU.ActiveCfg = Debug|Any CPU
		{EF7992E9-99EB-4F3B-99C2-7BCDF31EF116}.Debug|Any CPU.Build.0 = Debug|Any CPU
		{EF7992E9-99EB-4F3B-99C2-7BCDF31EF116}.Release|Any CPU.ActiveCfg = Release|Any CPU
		{EF7992E9-99EB-4F3B-99C2-7BCDF31EF116}.Release|Any CPU.Build.0 = Release|Any CPU
	EndGlobalSection
	GlobalSection(SolutionProperties) = preSolution
		HideSolutionNode = FALSE
	EndGlobalSection
	GlobalSection(ExtensibilityGlobals) = postSolution
		SolutionGuid = {8A9B59A4-CD6A-4EF4-B4E8-77B4B6D5D7BA}
	EndGlobalSection
EndGlobal
